// !$*UTF8*$!
{
	archiveVersion = 1;
	classes = {
	};
	objectVersion = 46;
	objects = {

/* Begin PBXBuildFile section */
		49A6C9C21C546748004B9AED /* MSIIconInfo.m in Sources */ = {isa = PBXBuildFile; fileRef = 49A6C9C11C546748004B9AED /* MSIIconInfo.m */; };
		49FE06EE1C50AD300088DAD1 /* AppDelegate.m in Sources */ = {isa = PBXBuildFile; fileRef = 49FE06ED1C50AD300088DAD1 /* AppDelegate.m */; };
		49FE06F11C50AD310088DAD1 /* main.m in Sources */ = {isa = PBXBuildFile; fileRef = 49FE06F01C50AD310088DAD1 /* main.m */; };
		49FE06F31C50AD310088DAD1 /* Assets.xcassets in Resources */ = {isa = PBXBuildFile; fileRef = 49FE06F21C50AD310088DAD1 /* Assets.xcassets */; };
		49FE06F61C50AD310088DAD1 /* MainMenu.xib in Resources */ = {isa = PBXBuildFile; fileRef = 49FE06F41C50AD310088DAD1 /* MainMenu.xib */; };
		49FE07011C50AD310088DAD1 /* VectorIconPreviewTests.m in Sources */ = {isa = PBXBuildFile; fileRef = 49FE07001C50AD310088DAD1 /* VectorIconPreviewTests.m */; };
		49FE070C1C50AD310088DAD1 /* VectorIconPreviewUITests.m in Sources */ = {isa = PBXBuildFile; fileRef = 49FE070B1C50AD310088DAD1 /* VectorIconPreviewUITests.m */; };
		49FE071E1C50C2980088DAD1 /* MSIVectorIconHelper.m in Sources */ = {isa = PBXBuildFile; fileRef = 49FE071D1C50C2980088DAD1 /* MSIVectorIconHelper.m */; };
		49FE07241C50E4310088DAD1 /* NSImage+Getters.m in Sources */ = {isa = PBXBuildFile; fileRef = 49FE07231C50E4310088DAD1 /* NSImage+Getters.m */; };
		49FE07571C522C570088DAD1 /* NSColor+Getters.m in Sources */ = {isa = PBXBuildFile; fileRef = 49FE07561C522C570088DAD1 /* NSColor+Getters.m */; };
/* End PBXBuildFile section */

/* Begin PBXContainerItemProxy section */
		49FE06FD1C50AD310088DAD1 /* PBXContainerItemProxy */ = {
			isa = PBXContainerItemProxy;
			containerPortal = 49FE06E11C50AD300088DAD1 /* Project object */;
			proxyType = 1;
			remoteGlobalIDString = 49FE06E81C50AD300088DAD1;
			remoteInfo = VectorIconPreview;
		};
		49FE07081C50AD310088DAD1 /* PBXContainerItemProxy */ = {
			isa = PBXContainerItemProxy;
			containerPortal = 49FE06E11C50AD300088DAD1 /* Project object */;
			proxyType = 1;
			remoteGlobalIDString = 49FE06E81C50AD300088DAD1;
			remoteInfo = VectorIconPreview;
		};
/* End PBXContainerItemProxy section */

/* Begin PBXFileReference section */
		49A6C9C01C546748004B9AED /* MSIIconInfo.h */ = {isa = PBXFileReference; fileEncoding = 4; lastKnownFileType = sourcecode.c.h; path = MSIIconInfo.h; sourceTree = "<group>"; };
		49A6C9C11C546748004B9AED /* MSIIconInfo.m */ = {isa = PBXFileReference; fileEncoding = 4; lastKnownFileType = sourcecode.c.objc; path = MSIIconInfo.m; sourceTree = "<group>"; };
		49FE06E91C50AD300088DAD1 /* VectorIconPreview.app */ = {isa = PBXFileReference; explicitFileType = wrapper.application; includeInIndex = 0; path = VectorIconPreview.app; sourceTree = BUILT_PRODUCTS_DIR; };
		49FE06EC1C50AD300088DAD1 /* AppDelegate.h */ = {isa = PBXFileReference; lastKnownFileType = sourcecode.c.h; path = AppDelegate.h; sourceTree = "<group>"; };
		49FE06ED1C50AD300088DAD1 /* AppDelegate.m */ = {isa = PBXFileReference; lastKnownFileType = sourcecode.c.objc; path = AppDelegate.m; sourceTree = "<group>"; };
		49FE06F01C50AD310088DAD1 /* main.m */ = {isa = PBXFileReference; lastKnownFileType = sourcecode.c.objc; path = main.m; sourceTree = "<group>"; };
		49FE06F21C50AD310088DAD1 /* Assets.xcassets */ = {isa = PBXFileReference; lastKnownFileType = folder.assetcatalog; path = Assets.xcassets; sourceTree = "<group>"; };
		49FE06F51C50AD310088DAD1 /* Base */ = {isa = PBXFileReference; lastKnownFileType = file.xib; name = Base; path = Base.lproj/MainMenu.xib; sourceTree = "<group>"; };
		49FE06F71C50AD310088DAD1 /* Info.plist */ = {isa = PBXFileReference; lastKnownFileType = text.plist.xml; path = Info.plist; sourceTree = "<group>"; };
		49FE06FC1C50AD310088DAD1 /* VectorIconPreviewTests.xctest */ = {isa = PBXFileReference; explicitFileType = wrapper.cfbundle; includeInIndex = 0; path = VectorIconPreviewTests.xctest; sourceTree = BUILT_PRODUCTS_DIR; };
		49FE07001C50AD310088DAD1 /* VectorIconPreviewTests.m */ = {isa = PBXFileReference; lastKnownFileType = sourcecode.c.objc; path = VectorIconPreviewTests.m; sourceTree = "<group>"; };
		49FE07021C50AD310088DAD1 /* Info.plist */ = {isa = PBXFileReference; lastKnownFileType = text.plist.xml; path = Info.plist; sourceTree = "<group>"; };
		49FE07071C50AD310088DAD1 /* VectorIconPreviewUITests.xctest */ = {isa = PBXFileReference; explicitFileType = wrapper.cfbundle; includeInIndex = 0; path = VectorIconPreviewUITests.xctest; sourceTree = BUILT_PRODUCTS_DIR; };
		49FE070B1C50AD310088DAD1 /* VectorIconPreviewUITests.m */ = {isa = PBXFileReference; lastKnownFileType = sourcecode.c.objc; path = VectorIconPreviewUITests.m; sourceTree = "<group>"; };
		49FE070D1C50AD310088DAD1 /* Info.plist */ = {isa = PBXFileReference; lastKnownFileType = text.plist.xml; path = Info.plist; sourceTree = "<group>"; };
		49FE071C1C50C2980088DAD1 /* MSIVectorIconHelper.h */ = {isa = PBXFileReference; fileEncoding = 4; lastKnownFileType = sourcecode.c.h; path = MSIVectorIconHelper.h; sourceTree = "<group>"; };
		49FE071D1C50C2980088DAD1 /* MSIVectorIconHelper.m */ = {isa = PBXFileReference; fileEncoding = 4; lastKnownFileType = sourcecode.c.objc; path = MSIVectorIconHelper.m; sourceTree = "<group>"; };
		49FE07221C50E4310088DAD1 /* NSImage+Getters.h */ = {isa = PBXFileReference; fileEncoding = 4; lastKnownFileType = sourcecode.c.h; path = "NSImage+Getters.h"; sourceTree = "<group>"; };
		49FE07231C50E4310088DAD1 /* NSImage+Getters.m */ = {isa = PBXFileReference; fileEncoding = 4; lastKnownFileType = sourcecode.c.objc; path = "NSImage+Getters.m"; sourceTree = "<group>"; };
		49FE07551C522C570088DAD1 /* NSColor+Getters.h */ = {isa = PBXFileReference; fileEncoding = 4; lastKnownFileType = sourcecode.c.h; path = "NSColor+Getters.h"; sourceTree = "<group>"; };
		49FE07561C522C570088DAD1 /* NSColor+Getters.m */ = {isa = PBXFileReference; fileEncoding = 4; lastKnownFileType = sourcecode.c.objc; path = "NSColor+Getters.m"; sourceTree = "<group>"; };
/* End PBXFileReference section */

/* Begin PBXFrameworksBuildPhase section */
		49FE06E61C50AD300088DAD1 /* Frameworks */ = {
			isa = PBXFrameworksBuildPhase;
			buildActionMask = 2147483647;
			files = (
			);
			runOnlyForDeploymentPostprocessing = 0;
		};
		49FE06F91C50AD310088DAD1 /* Frameworks */ = {
			isa = PBXFrameworksBuildPhase;
			buildActionMask = 2147483647;
			files = (
			);
			runOnlyForDeploymentPostprocessing = 0;
		};
		49FE07041C50AD310088DAD1 /* Frameworks */ = {
			isa = PBXFrameworksBuildPhase;
			buildActionMask = 2147483647;
			files = (
			);
			runOnlyForDeploymentPostprocessing = 0;
		};
/* End PBXFrameworksBuildPhase section */

/* Begin PBXGroup section */
		49FE06E01C50AD300088DAD1 = {
			isa = PBXGroup;
			children = (
				49FE06EB1C50AD300088DAD1 /* VectorIconPreview */,
				49FE06FF1C50AD310088DAD1 /* VectorIconPreviewTests */,
				49FE070A1C50AD310088DAD1 /* VectorIconPreviewUITests */,
				49FE06EA1C50AD300088DAD1 /* Products */,
			);
			sourceTree = "<group>";
		};
		49FE06EA1C50AD300088DAD1 /* Products */ = {
			isa = PBXGroup;
			children = (
				49FE06E91C50AD300088DAD1 /* VectorIconPreview.app */,
				49FE06FC1C50AD310088DAD1 /* VectorIconPreviewTests.xctest */,
				49FE07071C50AD310088DAD1 /* VectorIconPreviewUITests.xctest */,
			);
			name = Products;
			sourceTree = "<group>";
		};
		49FE06EB1C50AD300088DAD1 /* VectorIconPreview */ = {
			isa = PBXGroup;
			children = (
				49FE06EC1C50AD300088DAD1 /* AppDelegate.h */,
				49FE06ED1C50AD300088DAD1 /* AppDelegate.m */,
				49FE06F21C50AD310088DAD1 /* Assets.xcassets */,
				49FE06F41C50AD310088DAD1 /* MainMenu.xib */,
				49FE06F71C50AD310088DAD1 /* Info.plist */,
				49FE071C1C50C2980088DAD1 /* MSIVectorIconHelper.h */,
				49FE071D1C50C2980088DAD1 /* MSIVectorIconHelper.m */,
				49FE06EF1C50AD310088DAD1 /* Supporting Files */,
				49FE07221C50E4310088DAD1 /* NSImage+Getters.h */,
				49FE07231C50E4310088DAD1 /* NSImage+Getters.m */,
				49FE07551C522C570088DAD1 /* NSColor+Getters.h */,
				49FE07561C522C570088DAD1 /* NSColor+Getters.m */,
				49A6C9C01C546748004B9AED /* MSIIconInfo.h */,
				49A6C9C11C546748004B9AED /* MSIIconInfo.m */,
			);
			path = VectorIconPreview;
			sourceTree = "<group>";
		};
		49FE06EF1C50AD310088DAD1 /* Supporting Files */ = {
			isa = PBXGroup;
			children = (
				49FE06F01C50AD310088DAD1 /* main.m */,
			);
			name = "Supporting Files";
			sourceTree = "<group>";
		};
		49FE06FF1C50AD310088DAD1 /* VectorIconPreviewTests */ = {
			isa = PBXGroup;
			children = (
				49FE07001C50AD310088DAD1 /* VectorIconPreviewTests.m */,
				49FE07021C50AD310088DAD1 /* Info.plist */,
			);
			path = VectorIconPreviewTests;
			sourceTree = "<group>";
		};
		49FE070A1C50AD310088DAD1 /* VectorIconPreviewUITests */ = {
			isa = PBXGroup;
			children = (
				49FE070B1C50AD310088DAD1 /* VectorIconPreviewUITests.m */,
				49FE070D1C50AD310088DAD1 /* Info.plist */,
			);
			path = VectorIconPreviewUITests;
			sourceTree = "<group>";
		};
/* End PBXGroup section */

/* Begin PBXNativeTarget section */
		49FE06E81C50AD300088DAD1 /* VectorIconPreview */ = {
			isa = PBXNativeTarget;
			buildConfigurationList = 49FE07101C50AD310088DAD1 /* Build configuration list for PBXNativeTarget "VectorIconPreview" */;
			buildPhases = (
				49FE06E51C50AD300088DAD1 /* Sources */,
				49FE06E61C50AD300088DAD1 /* Frameworks */,
				49FE06E71C50AD300088DAD1 /* Resources */,
			);
			buildRules = (
			);
			dependencies = (
			);
			name = VectorIconPreview;
			productName = VectorIconPreview;
			productReference = 49FE06E91C50AD300088DAD1 /* VectorIconPreview.app */;
			productType = "com.apple.product-type.application";
		};
		49FE06FB1C50AD310088DAD1 /* VectorIconPreviewTests */ = {
			isa = PBXNativeTarget;
			buildConfigurationList = 49FE07131C50AD310088DAD1 /* Build configuration list for PBXNativeTarget "VectorIconPreviewTests" */;
			buildPhases = (
				49FE06F81C50AD310088DAD1 /* Sources */,
				49FE06F91C50AD310088DAD1 /* Frameworks */,
				49FE06FA1C50AD310088DAD1 /* Resources */,
			);
			buildRules = (
			);
			dependencies = (
				49FE06FE1C50AD310088DAD1 /* PBXTargetDependency */,
			);
			name = VectorIconPreviewTests;
			productName = VectorIconPreviewTests;
			productReference = 49FE06FC1C50AD310088DAD1 /* VectorIconPreviewTests.xctest */;
			productType = "com.apple.product-type.bundle.unit-test";
		};
		49FE07061C50AD310088DAD1 /* VectorIconPreviewUITests */ = {
			isa = PBXNativeTarget;
			buildConfigurationList = 49FE07161C50AD310088DAD1 /* Build configuration list for PBXNativeTarget "VectorIconPreviewUITests" */;
			buildPhases = (
				49FE07031C50AD310088DAD1 /* Sources */,
				49FE07041C50AD310088DAD1 /* Frameworks */,
				49FE07051C50AD310088DAD1 /* Resources */,
			);
			buildRules = (
			);
			dependencies = (
				49FE07091C50AD310088DAD1 /* PBXTargetDependency */,
			);
			name = VectorIconPreviewUITests;
			productName = VectorIconPreviewUITests;
			productReference = 49FE07071C50AD310088DAD1 /* VectorIconPreviewUITests.xctest */;
			productType = "com.apple.product-type.bundle.ui-testing";
		};
/* End PBXNativeTarget section */

/* Begin PBXProject section */
		49FE06E11C50AD300088DAD1 /* Project object */ = {
			isa = PBXProject;
			attributes = {
				LastUpgradeCheck = 0720;
				ORGANIZATIONNAME = Microstrategy;
				TargetAttributes = {
					49FE06E81C50AD300088DAD1 = {
						CreatedOnToolsVersion = 7.2;
					};
					49FE06FB1C50AD310088DAD1 = {
						CreatedOnToolsVersion = 7.2;
						TestTargetID = 49FE06E81C50AD300088DAD1;
					};
					49FE07061C50AD310088DAD1 = {
						CreatedOnToolsVersion = 7.2;
						TestTargetID = 49FE06E81C50AD300088DAD1;
					};
				};
			};
			buildConfigurationList = 49FE06E41C50AD300088DAD1 /* Build configuration list for PBXProject "VectorIconPreview" */;
			compatibilityVersion = "Xcode 3.2";
			developmentRegion = English;
			hasScannedForEncodings = 0;
			knownRegions = (
				en,
				Base,
			);
			mainGroup = 49FE06E01C50AD300088DAD1;
			productRefGroup = 49FE06EA1C50AD300088DAD1 /* Products */;
			projectDirPath = "";
			projectRoot = "";
			targets = (
				49FE06E81C50AD300088DAD1 /* VectorIconPreview */,
				49FE06FB1C50AD310088DAD1 /* VectorIconPreviewTests */,
				49FE07061C50AD310088DAD1 /* VectorIconPreviewUITests */,
			);
		};
/* End PBXProject section */

/* Begin PBXResourcesBuildPhase section */
		49FE06E71C50AD300088DAD1 /* Resources */ = {
			isa = PBXResourcesBuildPhase;
			buildActionMask = 2147483647;
			files = (
				49FE06F31C50AD310088DAD1 /* Assets.xcassets in Resources */,
				49FE06F61C50AD310088DAD1 /* MainMenu.xib in Resources */,
			);
			runOnlyForDeploymentPostprocessing = 0;
		};
		49FE06FA1C50AD310088DAD1 /* Resources */ = {
			isa = PBXResourcesBuildPhase;
			buildActionMask = 2147483647;
			files = (
			);
			runOnlyForDeploymentPostprocessing = 0;
		};
		49FE07051C50AD310088DAD1 /* Resources */ = {
			isa = PBXResourcesBuildPhase;
			buildActionMask = 2147483647;
			files = (
			);
			runOnlyForDeploymentPostprocessing = 0;
		};
/* End PBXResourcesBuildPhase section */

/* Begin PBXSourcesBuildPhase section */
		49FE06E51C50AD300088DAD1 /* Sources */ = {
			isa = PBXSourcesBuildPhase;
			buildActionMask = 2147483647;
			files = (
				49FE06F11C50AD310088DAD1 /* main.m in Sources */,
				49FE07241C50E4310088DAD1 /* NSImage+Getters.m in Sources */,
				49A6C9C21C546748004B9AED /* MSIIconInfo.m in Sources */,
				49FE071E1C50C2980088DAD1 /* MSIVectorIconHelper.m in Sources */,
				49FE06EE1C50AD300088DAD1 /* AppDelegate.m in Sources */,
				49FE07571C522C570088DAD1 /* NSColor+Getters.m in Sources */,
			);
			runOnlyForDeploymentPostprocessing = 0;
		};
		49FE06F81C50AD310088DAD1 /* Sources */ = {
			isa = PBXSourcesBuildPhase;
			buildActionMask = 2147483647;
			files = (
				49FE07011C50AD310088DAD1 /* VectorIconPreviewTests.m in Sources */,
			);
			runOnlyForDeploymentPostprocessing = 0;
		};
		49FE07031C50AD310088DAD1 /* Sources */ = {
			isa = PBXSourcesBuildPhase;
			buildActionMask = 2147483647;
			files = (
				49FE070C1C50AD310088DAD1 /* VectorIconPreviewUITests.m in Sources */,
			);
			runOnlyForDeploymentPostprocessing = 0;
		};
/* End PBXSourcesBuildPhase section */

/* Begin PBXTargetDependency section */
		49FE06FE1C50AD310088DAD1 /* PBXTargetDependency */ = {
			isa = PBXTargetDependency;
			target = 49FE06E81C50AD300088DAD1 /* VectorIconPreview */;
			targetProxy = 49FE06FD1C50AD310088DAD1 /* PBXContainerItemProxy */;
		};
		49FE07091C50AD310088DAD1 /* PBXTargetDependency */ = {
			isa = PBXTargetDependency;
			target = 49FE06E81C50AD300088DAD1 /* VectorIconPreview */;
			targetProxy = 49FE07081C50AD310088DAD1 /* PBXContainerItemProxy */;
		};
/* End PBXTargetDependency section */

/* Begin PBXVariantGroup section */
		49FE06F41C50AD310088DAD1 /* MainMenu.xib */ = {
			isa = PBXVariantGroup;
			children = (
				49FE06F51C50AD310088DAD1 /* Base */,
			);
			name = MainMenu.xib;
			sourceTree = "<group>";
		};
/* End PBXVariantGroup section */

/* Begin XCBuildConfiguration section */
		49FE070E1C50AD310088DAD1 /* Debug */ = {
			isa = XCBuildConfiguration;
			buildSettings = {
				ALWAYS_SEARCH_USER_PATHS = NO;
				CLANG_CXX_LANGUAGE_STANDARD = "gnu++0x";
				CLANG_CXX_LIBRARY = "libc++";
				CLANG_ENABLE_MODULES = YES;
				CLANG_ENABLE_OBJC_ARC = YES;
				CLANG_WARN_BOOL_CONVERSION = YES;
				CLANG_WARN_CONSTANT_CONVERSION = YES;
				CLANG_WARN_DIRECT_OBJC_ISA_USAGE = YES_ERROR;
				CLANG_WARN_EMPTY_BODY = YES;
				CLANG_WARN_ENUM_CONVERSION = YES;
				CLANG_WARN_INT_CONVERSION = YES;
				CLANG_WARN_OBJC_ROOT_CLASS = YES_ERROR;
				CLANG_WARN_UNREACHABLE_CODE = YES;
				CLANG_WARN__DUPLICATE_METHOD_MATCH = YES;
				CODE_SIGN_IDENTITY = "-";
				COPY_PHASE_STRIP = NO;
				DEBUG_INFORMATION_FORMAT = dwarf;
				ENABLE_STRICT_OBJC_MSGSEND = YES;
				ENABLE_TESTABILITY = YES;
				GCC_C_LANGUAGE_STANDARD = gnu99;
				GCC_DYNAMIC_NO_PIC = NO;
				GCC_NO_COMMON_BLOCKS = YES;
				GCC_OPTIMIZATION_LEVEL = 0;
				GCC_PREPROCESSOR_DEFINITIONS = (
					"DEBUG=1",
					"$(inherited)",
				);
				GCC_WARN_64_TO_32_BIT_CONVERSION = YES;
				GCC_WARN_ABOUT_RETURN_TYPE = YES_ERROR;
				GCC_WARN_UNDECLARED_SELECTOR = YES;
				GCC_WARN_UNINITIALIZED_AUTOS = YES_AGGRESSIVE;
				GCC_WARN_UNUSED_FUNCTION = YES;
				GCC_WARN_UNUSED_VARIABLE = YES;
				MACOSX_DEPLOYMENT_TARGET = 10.10;
				MTL_ENABLE_DEBUG_INFO = YES;
				ONLY_ACTIVE_ARCH = YES;
				SDKROOT = macosx;
			};
			name = Debug;
		};
		49FE070F1C50AD310088DAD1 /* Release */ = {
			isa = XCBuildConfiguration;
			buildSettings = {
				ALWAYS_SEARCH_USER_PATHS = NO;
				CLANG_CXX_LANGUAGE_STANDARD = "gnu++0x";
				CLANG_CXX_LIBRARY = "libc++";
				CLANG_ENABLE_MODULES = YES;
				CLANG_ENABLE_OBJC_ARC = YES;
				CLANG_WARN_BOOL_CONVERSION = YES;
				CLANG_WARN_CONSTANT_CONVERSION = YES;
				CLANG_WARN_DIRECT_OBJC_ISA_USAGE = YES_ERROR;
				CLANG_WARN_EMPTY_BODY = YES;
				CLANG_WARN_ENUM_CONVERSION = YES;
				CLANG_WARN_INT_CONVERSION = YES;
				CLANG_WARN_OBJC_ROOT_CLASS = YES_ERROR;
				CLANG_WARN_UNREACHABLE_CODE = YES;
				CLANG_WARN__DUPLICATE_METHOD_MATCH = YES;
				CODE_SIGN_IDENTITY = "-";
				COPY_PHASE_STRIP = NO;
				DEBUG_INFORMATION_FORMAT = "dwarf-with-dsym";
				ENABLE_NS_ASSERTIONS = NO;
				ENABLE_STRICT_OBJC_MSGSEND = YES;
				GCC_C_LANGUAGE_STANDARD = gnu99;
				GCC_NO_COMMON_BLOCKS = YES;
				GCC_WARN_64_TO_32_BIT_CONVERSION = YES;
				GCC_WARN_ABOUT_RETURN_TYPE = YES_ERROR;
				GCC_WARN_UNDECLARED_SELECTOR = YES;
				GCC_WARN_UNINITIALIZED_AUTOS = YES_AGGRESSIVE;
				GCC_WARN_UNUSED_FUNCTION = YES;
				GCC_WARN_UNUSED_VARIABLE = YES;
				MACOSX_DEPLOYMENT_TARGET = 10.10;
				MTL_ENABLE_DEBUG_INFO = NO;
				SDKROOT = macosx;
			};
			name = Release;
		};
		49FE07111C50AD310088DAD1 /* Debug */ = {
			isa = XCBuildConfiguration;
			buildSettings = {
				ASSETCATALOG_COMPILER_APPICON_NAME = AppIcon;
				COMBINE_HIDPI_IMAGES = YES;
				INFOPLIST_FILE = VectorIconPreview/Info.plist;
				LD_RUNPATH_SEARCH_PATHS = "$(inherited) @executable_path/../Frameworks";
				PRODUCT_BUNDLE_IDENTIFIER = com.Microstrategy.VectorIconPreview;
				PRODUCT_NAME = "$(TARGET_NAME)";
			};
			name = Debug;
		};
		49FE07121C50AD310088DAD1 /* Release */ = {
			isa = XCBuildConfiguration;
			buildSettings = {
				ASSETCATALOG_COMPILER_APPICON_NAME = AppIcon;
				COMBINE_HIDPI_IMAGES = YES;
				INFOPLIST_FILE = VectorIconPreview/Info.plist;
				LD_RUNPATH_SEARCH_PATHS = "$(inherited) @executable_path/../Frameworks";
				PRODUCT_BUNDLE_IDENTIFIER = com.Microstrategy.VectorIconPreview;
				PRODUCT_NAME = "$(TARGET_NAME)";
			};
			name = Release;
		};
		49FE07141C50AD310088DAD1 /* Debug */ = {
			isa = XCBuildConfiguration;
			buildSettings = {
				BUNDLE_LOADER = "$(TEST_HOST)";
				COMBINE_HIDPI_IMAGES = YES;
				INFOPLIST_FILE = VectorIconPreviewTests/Info.plist;
				LD_RUNPATH_SEARCH_PATHS = "$(inherited) @executable_path/../Frameworks @loader_path/../Frameworks";
				PRODUCT_BUNDLE_IDENTIFIER = com.Microstrategy.VectorIconPreviewTests;
				PRODUCT_NAME = "$(TARGET_NAME)";
				TEST_HOST = "$(BUILT_PRODUCTS_DIR)/VectorIconPreview.app/Contents/MacOS/VectorIconPreview";
			};
			name = Debug;
		};
		49FE07151C50AD310088DAD1 /* Release */ = {
			isa = XCBuildConfiguration;
			buildSettings = {
				BUNDLE_LOADER = "$(TEST_HOST)";
				COMBINE_HIDPI_IMAGES = YES;
				INFOPLIST_FILE = VectorIconPreviewTests/Info.plist;
				LD_RUNPATH_SEARCH_PATHS = "$(inherited) @executable_path/../Frameworks @loader_path/../Frameworks";
				PRODUCT_BUNDLE_IDENTIFIER = com.Microstrategy.VectorIconPreviewTests;
				PRODUCT_NAME = "$(TARGET_NAME)";
				TEST_HOST = "$(BUILT_PRODUCTS_DIR)/VectorIconPreview.app/Contents/MacOS/VectorIconPreview";
			};
			name = Release;
		};
		49FE07171C50AD310088DAD1 /* Debug */ = {
			isa = XCBuildConfiguration;
			buildSettings = {
				COMBINE_HIDPI_IMAGES = YES;
				INFOPLIST_FILE = VectorIconPreviewUITests/Info.plist;
				LD_RUNPATH_SEARCH_PATHS = "$(inherited) @executable_path/../Frameworks @loader_path/../Frameworks";
				PRODUCT_BUNDLE_IDENTIFIER = com.Microstrategy.VectorIconPreviewUITests;
				PRODUCT_NAME = "$(TARGET_NAME)";
				TEST_TARGET_NAME = VectorIconPreview;
				USES_XCTRUNNER = YES;
			};
			name = Debug;
		};
		49FE07181C50AD310088DAD1 /* Release */ = {
			isa = XCBuildConfiguration;
			buildSettings = {
				COMBINE_HIDPI_IMAGES = YES;
				INFOPLIST_FILE = VectorIconPreviewUITests/Info.plist;
				LD_RUNPATH_SEARCH_PATHS = "$(inherited) @executable_path/../Frameworks @loader_path/../Frameworks";
				PRODUCT_BUNDLE_IDENTIFIER = com.Microstrategy.VectorIconPreviewUITests;
				PRODUCT_NAME = "$(TARGET_NAME)";
				TEST_TARGET_NAME = VectorIconPreview;
				USES_XCTRUNNER = YES;
			};
			name = Release;
		};
/* End XCBuildConfiguration section */

/* Begin XCConfigurationList section */
		49FE06E41C50AD300088DAD1 /* Build configuration list for PBXProject "VectorIconPreview" */ = {
			isa = XCConfigurationList;
			buildConfigurations = (
				49FE070E1C50AD310088DAD1 /* Debug */,
				49FE070F1C50AD310088DAD1 /* Release */,
			);
			defaultConfigurationIsVisible = 0;
			defaultConfigurationName = Release;
		};
		49FE07101C50AD310088DAD1 /* Build configuration list for PBXNativeTarget "VectorIconPreview" */ = {
			isa = XCConfigurationList;
			buildConfigurations = (
				49FE07111C50AD310088DAD1 /* Debug */,
				49FE07121C50AD310088DAD1 /* Release */,
			);
			defaultConfigurationIsVisible = 0;
			defaultConfigurationName = Release;
		};
		49FE07131C50AD310088DAD1 /* Build configuration list for PBXNativeTarget "VectorIconPreviewTests" */ = {
			isa = XCConfigurationList;
			buildConfigurations = (
				49FE07141C50AD310088DAD1 /* Debug */,
				49FE07151C50AD310088DAD1 /* Release */,
			);
			defaultConfigurationIsVisible = 0;
			defaultConfigurationName = Release;
		};
		49FE07161C50AD310088DAD1 /* Build configuration list for PBXNativeTarget "VectorIconPreviewUITests" */ = {
			isa = XCConfigurationList;
			buildConfigurations = (
				49FE07171C50AD310088DAD1 /* Debug */,
				49FE07181C50AD310088DAD1 /* Release */,
			);
			defaultConfigurationIsVisible = 0;
			defaultConfigurationName = Release;
		};
/* End XCConfigurationList section */
	};
	rootObject = 49FE06E11C50AD300088DAD1 /* Project object */;
}
